
Microsoft Visual Studio Solution File, Format Version 12.00
# Visual Studio Version 17
VisualStudioVersion = 17.6.33829.357
MinimumVisualStudioVersion = 10.0.40219.1
Project("{9A19103F-16F7-4668-BE54-9A1E7A4F7556}") = "SistemaInventario", "SistemaInventario\SistemaInventario.csproj", "{6C6D7E9C-DC4D-48CA-88A9-E7E27371417C}"
EndProject
Project("{FAE04EC0-301F-11D3-BF4B-00C04F79EFBC}") = "SistemaInventario.AccesoDatos", "SistemaInventario.AccesoDatos\SistemaInventario.AccesoDatos.csproj", "{1B879D9F-C7A0-4E30-BAE2-09016F19B791}"
EndProject
Project("{FAE04EC0-301F-11D3-BF4B-00C04F79EFBC}") = "SistemaInventario.Modelos", "SistemaInventario.Modelos\SistemaInventario.Modelos.csproj", "{F14D4C98-5355-4119-B504-FAA490718476}"
EndProject
Project("{FAE04EC0-301F-11D3-BF4B-00C04F79EFBC}") = "SistemaInventario.Utilidades", "SistemaInventario.Utilidades\SistemaInventario.Utilidades.csproj", "{24E4DA7E-A77A-4D75-A0E6-99A832386459}"
EndProject
Global
	GlobalSection(SolutionConfigurationPlatforms) = preSolution
		Debug|Any CPU = Debug|Any CPU
		Release|Any CPU = Release|Any CPU
	EndGlobalSection
	GlobalSection(ProjectConfigurationPlatforms) = postSolution
		{6C6D7E9C-DC4D-48CA-88A9-E7E27371417C}.Debug|Any CPU.ActiveCfg = Debug|Any CPU
		{6C6D7E9C-DC4D-48CA-88A9-E7E27371417C}.Debug|Any CPU.Build.0 = Debug|Any CPU
		{6C6D7E9C-DC4D-48CA-88A9-E7E27371417C}.Release|Any CPU.ActiveCfg = Release|Any CPU
		{6C6D7E9C-DC4D-48CA-88A9-E7E27371417C}.Release|Any CPU.Build.0 = Release|Any CPU
		{1B879D9F-C7A0-4E30-BAE2-09016F19B791}.Debug|Any CPU.ActiveCfg = Debug|Any CPU
		{1B879D9F-C7A0-4E30-BAE2-09016F19B791}.Debug|Any CPU.Build.0 = Debug|Any CPU
		{1B879D9F-C7A0-4E30-BAE2-09016F19B791}.Release|Any CPU.ActiveCfg = Release|Any CPU
		{1B879D9F-C7A0-4E30-BAE2-09016F19B791}.Release|Any CPU.Build.0 = Release|Any CPU
		{F14D4C98-5355-4119-B504-FAA490718476}.Debug|Any CPU.ActiveCfg = Debug|Any CPU
		{F14D4C98-5355-4119-B504-FAA490718476}.Debug|Any CPU.Build.0 = Debug|Any CPU
		{F14D4C98-5355-4119-B504-FAA490718476}.Release|Any CPU.ActiveCfg = Release|Any CPU
		{F14D4C98-5355-4119-B504-FAA490718476}.Release|Any CPU.Build.0 = Release|Any CPU
		{24E4DA7E-A77A-4D75-A0E6-99A832386459}.Debug|Any CPU.ActiveCfg = Debug|Any CPU
		{24E4DA7E-A77A-4D75-A0E6-99A832386459}.Debug|Any CPU.Build.0 = Debug|Any CPU
		{24E4DA7E-A77A-4D75-A0E6-99A832386459}.Release|Any CPU.ActiveCfg = Release|Any CPU
		{24E4DA7E-A77A-4D75-A0E6-99A832386459}.Release|Any CPU.Build.0 = Release|Any CPU
	EndGlobalSection
	GlobalSection(SolutionProperties) = preSolution
		HideSolutionNode = FALSE
	EndGlobalSection
	GlobalSection(ExtensibilityGlobals) = postSolution
		SolutionGuid = {58D806F1-7ECD-47A2-AA07-8F2208E2DDBB}
	EndGlobalSection
EndGlobal
